Microsoft Visual Studio Solution File, Format Version 7.00
Project("{F184B08F-C81C-45F6-A57F-5ABD9991F28F}") = "XinCoder", "XinCoder.vbproj", "{9A42D715-C969-4546-A797-7B42681C2570}"
EndProject
Global
	GlobalSection(SolutionConfiguration) = preSolution
		ConfigName.0 = Debug
		ConfigName.1 = Release
	EndGlobalSection
	GlobalSection(ProjectDependencies) = postSolution
	EndGlobalSection
	GlobalSection(ProjectConfiguration) = postSolution
		{9A42D715-C969-4546-A797-7B42681C2570}.Debug.ActiveCfg = Debug|.NET
		{9A42D715-C969-4546-A797-7B42681C2570}.Debug.Build.0 = Debug|.NET
		{9A42D715-C969-4546-A797-7B42681C2570}.Release.ActiveCfg = Release|.NET
		{9A42D715-C969-4546-A797-7B42681C2570}.Release.Build.0 = Release|.NET
	EndGlobalSection
	GlobalSection(ExtensibilityGlobals) = postSolution
	EndGlobalSection
	GlobalSection(ExtensibilityAddIns) = postSolution
	EndGlobalSection
EndGlobal
