Microsoft Visual Studio Solution File, Format Version 7.00
Project("{54435603-DBB4-11D2-8724-00A0C9A8B90C}") = "XCoder Beta Setup", "XCoder Beta Setup.vdproj", "{0C60321B-B448-4149-8E03-513B02FF7E9F}"
EndProject
Global
	GlobalSection(SolutionConfiguration) = preSolution
		ConfigName.0 = Debug
		ConfigName.1 = Release
	EndGlobalSection
	GlobalSection(ProjectDependencies) = postSolution
	EndGlobalSection
	GlobalSection(ProjectConfiguration) = postSolution
		{0C60321B-B448-4149-8E03-513B02FF7E9F}.Debug.ActiveCfg = Debug
		{0C60321B-B448-4149-8E03-513B02FF7E9F}.Debug.Build.0 = Debug
		{0C60321B-B448-4149-8E03-513B02FF7E9F}.Release.ActiveCfg = Release
		{0C60321B-B448-4149-8E03-513B02FF7E9F}.Release.Build.0 = Release
	EndGlobalSection
	GlobalSection(ExtensibilityGlobals) = postSolution
	EndGlobalSection
	GlobalSection(ExtensibilityAddIns) = postSolution
	EndGlobalSection
EndGlobal
